{
  "requires": true,
  "lockfileVersion": 1,
  "dependencies": {
    "@babel/runtime": {
      "version": "7.23.1",
      "resolved": "https://registry.npmjs.org/@babel/runtime/-/runtime-7.23.1.tgz",
      "integrity": "sha512-hC2v6p8ZSI/W0HUzh3V8C5g+NwSKzKPtJwSpTjwl0o297GP9+ZLQSkdvHz46CM3LqyoXxq+5G9komY+eSqSO0g==",
      "requires": {
        "regenerator-runtime": "^0.14.0"
      }
    },
    "@react-three/fiber": {
      "version": "8.14.4",
      "resolved": "https://registry.npmjs.org/@react-three/fiber/-/fiber-8.14.4.tgz",
      "integrity": "sha512-opkLsfO9sxTFlI26ycKcTsXViRtOa1v+0AQoeP6yQ59dkhABn+UKhGrx6/zWrH5mUxzg812zJd7sTJflZQmLgA==",
      "requires": {
        "@babel/runtime": "^7.17.8",
        "@types/react-reconciler": "^0.26.7",
        "base64-js": "^1.5.1",
        "its-fine": "^1.0.6",
        "react-reconciler": "^0.27.0",
        "react-use-measure": "^2.1.1",
        "scheduler": "^0.21.0",
        "suspend-react": "^0.1.3",
        "zustand": "^3.7.1"
      }
    },
    "@types/prop-types": {
      "version": "15.7.8",
      "resolved": "https://registry.npmjs.org/@types/prop-types/-/prop-types-15.7.8.tgz",
      "integrity": "sha512-kMpQpfZKSCBqltAJwskgePRaYRFukDkm1oItcAbC3gNELR20XIBcN9VRgg4+m8DKsTfkWeA4m4Imp4DDuWy7FQ=="
    },
    "@types/react": {
      "version": "18.2.24",
      "resolved": "https://registry.npmjs.org/@types/react/-/react-18.2.24.tgz",
      "integrity": "sha512-Ee0Jt4sbJxMu1iDcetZEIKQr99J1Zfb6D4F3qfUWoR1JpInkY1Wdg4WwCyBjL257D0+jGqSl1twBjV8iCaC0Aw==",
      "requires": {
        "@types/prop-types": "*",
        "@types/scheduler": "*",
        "csstype": "^3.0.2"
      }
    },
    "@types/react-reconciler": {
      "version": "0.26.7",
      "resolved": "https://registry.npmjs.org/@types/react-reconciler/-/react-reconciler-0.26.7.tgz",
      "integrity": "sha512-mBDYl8x+oyPX/VBb3E638N0B7xG+SPk/EAMcVPeexqus/5aTpTphQi0curhhshOqRrc9t6OPoJfEUkbymse/lQ==",
      "requires": {
        "@types/react": "*"
      }
    },
    "@types/scheduler": {
      "version": "0.16.4",
      "resolved": "https://registry.npmjs.org/@types/scheduler/-/scheduler-0.16.4.tgz",
      "integrity": "sha512-2L9ifAGl7wmXwP4v3pN4p2FLhD0O1qsJpvKmNin5VA8+UvNVb447UDaAEV6UdrkA+m/Xs58U1RFps44x6TFsVQ=="
    },
    "@types/stats.js": {
      "version": "0.17.1",
      "resolved": "https://registry.npmjs.org/@types/stats.js/-/stats.js-0.17.1.tgz",
      "integrity": "sha512-OgfYE1x2w1jRUXzzKABX+kOdwz2y9PE0uSwnZabkWfJTWOzm7Pvfm4JI2xqRE0q2nwUe2jZLWcrcnhd9lQU63w=="
    },
    "@types/three": {
      "version": "0.156.0",
      "resolved": "https://registry.npmjs.org/@types/three/-/three-0.156.0.tgz",
      "integrity": "sha512-733bXDSRdlrxqOmQuOmfC1UBRuJ2pREPk8sWnx9MtIJEVDQMx8U0NQO5MVVaOrjzDPyLI+cFPim2X/ss9v0+LQ==",
      "requires": {
        "@types/stats.js": "*",
        "@types/webxr": "*",
        "fflate": "~0.6.10",
        "meshoptimizer": "~0.18.1"
      }
    },
    "@types/webxr": {
      "version": "0.5.5",
      "resolved": "https://registry.npmjs.org/@types/webxr/-/webxr-0.5.5.tgz",
      "integrity": "sha512-HVOsSRTQYx3zpVl0c0FBmmmcY/60BkQLzVnpE9M1aG4f2Z0aKlBWfj4XZ2zr++XNBfkQWYcwhGlmuu44RJPDqg=="
    },
    "base64-js": {
      "version": "1.5.1",
      "resolved": "https://registry.npmjs.org/base64-js/-/base64-js-1.5.1.tgz",
      "integrity": "sha512-AKpaYlHn8t4SVbOHCy+b5+KKgvR4vrsD8vbvrbiQJps7fKDTkjkDry6ji0rUJjC0kzbNePLwzxq8iypo41qeWA=="
    },
    "csstype": {
      "version": "3.1.2",
      "resolved": "https://registry.npmjs.org/csstype/-/csstype-3.1.2.tgz",
      "integrity": "sha512-I7K1Uu0MBPzaFKg4nI5Q7Vs2t+3gWWW648spaF+Rg7pI9ds18Ugn+lvg4SHczUdKlHI5LWBXyqfS8+DufyBsgQ=="
    },
    "debounce": {
      "version": "1.2.1",
      "resolved": "https://registry.npmjs.org/debounce/-/debounce-1.2.1.tgz",
      "integrity": "sha512-XRRe6Glud4rd/ZGQfiV1ruXSfbvfJedlV9Y6zOlP+2K04vBYiJEte6stfFkCP03aMnY5tsipamumUjL14fofug=="
    },
    "fflate": {
      "version": "0.6.10",
      "resolved": "https://registry.npmjs.org/fflate/-/fflate-0.6.10.tgz",
      "integrity": "sha512-IQrh3lEPM93wVCEczc9SaAOvkmcoQn/G8Bo1e8ZPlY3X3bnAxWaBdvTdvM1hP62iZp0BXWDy4vTAy4fF0+Dlpg=="
    },
    "its-fine": {
      "version": "1.1.1",
      "resolved": "https://registry.npmjs.org/its-fine/-/its-fine-1.1.1.tgz",
      "integrity": "sha512-v1Ia1xl20KbuSGlwoaGsW0oxsw8Be+TrXweidxD9oT/1lAh6O3K3/GIM95Tt6WCiv6W+h2M7RB1TwdoAjQyyKw==",
      "requires": {
        "@types/react-reconciler": "^0.28.0"
      },
      "dependencies": {
        "@types/react-reconciler": {
          "version": "0.28.5",
          "resolved": "https://registry.npmjs.org/@types/react-reconciler/-/react-reconciler-0.28.5.tgz",
          "integrity": "sha512-Qrwgl4NxNYH1oAJSJtlMGu95uaeMqrGiKzxwI90VvofBkJAj4GxcCAsJMZkwdR/qAxlm84YEXa8Fqu2xXk0arw==",
          "requires": {
            "@types/react": "*"
          }
        }
      }
    },
    "js-tokens": {
      "version": "4.0.0",
      "resolved": "https://registry.npmjs.org/js-tokens/-/js-tokens-4.0.0.tgz",
      "integrity": "sha512-RdJUflcE3cUzKiMqQgsCu06FPu9UdIJO0beYbPhHN4k6apgJtifcoCtT9bcxOpYBtpD2kCM6Sbzg4CausW/PKQ=="
    },
    "loose-envify": {
      "version": "1.4.0",
      "resolved": "https://registry.npmjs.org/loose-envify/-/loose-envify-1.4.0.tgz",
      "integrity": "sha512-lyuxPGr/Wfhrlem2CL/UcnUc1zcqKAImBDzukY7Y5F/yQiNdko6+fRLevlw1HgMySw7f611UIY408EtxRSoK3Q==",
      "requires": {
        "js-tokens": "^3.0.0 || ^4.0.0"
      }
    },
    "meshoptimizer": {
      "version": "0.18.1",
      "resolved": "https://registry.npmjs.org/meshoptimizer/-/meshoptimizer-0.18.1.tgz",
      "integrity": "sha512-ZhoIoL7TNV4s5B6+rx5mC//fw8/POGyNxS/DZyCJeiZ12ScLfVwRE/GfsxwiTkMYYD5DmK2/JXnEVXqL4rF+Sw=="
    },
    "react-reconciler": {
      "version": "0.27.0",
      "resolved": "https://registry.npmjs.org/react-reconciler/-/react-reconciler-0.27.0.tgz",
      "integrity": "sha512-HmMDKciQjYmBRGuuhIaKA1ba/7a+UsM5FzOZsMO2JYHt9Jh8reCb7j1eDC95NOyUlKM9KRyvdx0flBuDvYSBoA==",
      "requires": {
        "loose-envify": "^1.1.0",
        "scheduler": "^0.21.0"
      }
    },
    "react-use-measure": {
      "version": "2.1.1",
      "resolved": "https://registry.npmjs.org/react-use-measure/-/react-use-measure-2.1.1.tgz",
      "integrity": "sha512-nocZhN26cproIiIduswYpV5y5lQpSQS1y/4KuvUCjSKmw7ZWIS/+g3aFnX3WdBkyuGUtTLif3UTqnLLhbDoQig==",
      "requires": {
        "debounce": "^1.2.1"
      }
    },
    "regenerator-runtime": {
      "version": "0.14.0",
      "resolved": "https://registry.npmjs.org/regenerator-runtime/-/regenerator-runtime-0.14.0.tgz",
      "integrity": "sha512-srw17NI0TUWHuGa5CFGGmhfNIeja30WMBfbslPNhf6JrqQlLN5gcrvig1oqPxiVaXb0oW0XRKtH6Nngs5lKCIA=="
    },
    "scheduler": {
      "version": "0.21.0",
      "resolved": "https://registry.npmjs.org/scheduler/-/scheduler-0.21.0.tgz",
      "integrity": "sha512-1r87x5fz9MXqswA2ERLo0EbOAU74DpIUO090gIasYTqlVoJeMcl+Z1Rg7WHz+qtPujhS/hGIt9kxZOYBV3faRQ==",
      "requires": {
        "loose-envify": "^1.1.0"
      }
    },
    "suspend-react": {
      "version": "0.1.3",
      "resolved": "https://registry.npmjs.org/suspend-react/-/suspend-react-0.1.3.tgz",
      "integrity": "sha512-aqldKgX9aZqpoDp3e8/BZ8Dm7x1pJl+qI3ZKxDN0i/IQTWUwBx/ManmlVJ3wowqbno6c2bmiIfs+Um6LbsjJyQ=="
    },
    "three": {
      "version": "0.157.0",
      "resolved": "https://registry.npmjs.org/three/-/three-0.157.0.tgz",
      "integrity": "sha512-CeAwQrf4x3z0/e+MC4F+nXLW5t0gh3pw+L6CCBqpHvOq3bGYIgRYub7Pv0j/9wR+d++OiEglyZzWyuSYbwWGOA=="
    },
    "zustand": {
      "version": "3.7.2",
      "resolved": "https://registry.npmjs.org/zustand/-/zustand-3.7.2.tgz",
      "integrity": "sha512-PIJDIZKtokhof+9+60cpockVOq05sJzHCriyvaLBmEJixseQ1a5Kdov6fWZfWOu5SK9c+FhH1jU0tntLxRJYMA=="
    }
  }
}
